PODS:
  - Alamofire (4.3.0)
  - DATAStack (7.0.1)
  - Sync (2.7.0):
    - DATAStack (~> 7.0.1)
    - SYNCPropertyMapper (~> 5.2.0)
  - SYNCPropertyMapper (5.2.0)

DEPENDENCIES:
  - Alamofire (~> 4.0)
  - Sync (~> 2.0)

SPEC CHECKSUMS:
  Alamofire: 856a113053a7bc9cbe5d6367a555d773fc5cfef7
  DATAStack: 9ca4ba8e8e4f389f1593ad3178d7a4d4df69d648
  Sync: b02ce41aa8080049a2932fd7342fe189edb2298a
  SYNCPropertyMapper: b3157f5183285c8a25ba23877b95a06ec2547e73

PODFILE CHECKSUM: 474d2c51e53bf98cd767721430abd4d3981499d7

COCOAPODS: 1.1.1
