PODS:
  - Alamofire (3.4.0)
  - DATAFilter (0.9.1):
    - DATAObjectIDs (~> 0.5.1)
  - DATAObjectIDs (0.5.1)
  - DATAStack (5.0.0)
  - NSDictionary-ANDYSafeValue (0.3.1)
  - NSEntityDescription-SYNCPrimaryKey (1.0.0):
    - NSString-HYPNetworking (~> 0.4.0)
  - NSManagedObject-HYPPropertyMapper (3.6.3):
    - NSEntityDescription-SYNCPrimaryKey (~> 1.0.0)
    - NSString-HYPNetworking (~> 0.4.0)
  - NSString-HYPNetworking (0.4.0)
  - Sync (1.6.8):
    - DATAFilter (~> 0.9.1)
    - DATAStack (~> 5.0.0)
    - NSDictionary-ANDYSafeValue (~> 0.3.1)
    - NSEntityDescription-SYNCPrimaryKey (~> 1.0.0)
    - NSManagedObject-HYPPropertyMapper (~> 3.6.3)

DEPENDENCIES:
  - Alamofire (~> 3.0)
  - Sync (from `git@github.com:hyperoslo/Sync.git`)

EXTERNAL SOURCES:
  Sync:
    :git: git@github.com:hyperoslo/Sync.git

CHECKOUT OPTIONS:
  Sync:
    :commit: 427ce627220b4565397093000a037ec8df55dc52
    :git: git@github.com:hyperoslo/Sync.git

SPEC CHECKSUMS:
  Alamofire: c19a627cefd6a95f840401c49ab1f124e07f54ee
  DATAFilter: 4a1bdc065847e19d9fa1c9dd92ed2d85847967a1
  DATAObjectIDs: 33db74dd1c858c2d22a45a4013c95f1082182e4e
  DATAStack: e0111e1db6044c8b355e68311e002cbec8963b28
  NSDictionary-ANDYSafeValue: 2d7adf339b6e302d71fec5f1d71ae00aacda993e
  NSEntityDescription-SYNCPrimaryKey: 3c6c6a49964a6a2e11e42709bd92e2f02b19fe79
  NSManagedObject-HYPPropertyMapper: 963c7f060cede6eca56a47581b32eceb7af8a507
  NSString-HYPNetworking: 24c3828eebde8a37cc16101a475934a56ac820c0
  Sync: 8cf6e0c97f2061cf6c015473032c1ea883c9d6a9

PODFILE CHECKSUM: 5677521be376cb91cff256f3769a3562ee437c15

COCOAPODS: 1.0.0
